
Microsoft Visual Studio Solution File, Format Version 12.00
# Visual Studio Version 17
VisualStudioVersion = 17.14.36109.1
MinimumVisualStudioVersion = 10.0.40219.1
Project("{8BC9CEB8-8B4A-11D0-8D11-00A0C91BC942}") = "vmulticlient", "client\vmulticlient.vcxproj", "{CA3F49EF-F69C-46A0-A6BF-84F477255A5C}"
EndProject
Project("{8BC9CEB8-8B4A-11D0-8D11-00A0C91BC942}") = "testvmulti", "test\testvmulti.vcxproj", "{8FB721A1-8820-45BF-AB35-978FADA6C188}"
EndProject
Project("{8BC9CEB8-8B4A-11D0-8D11-00A0C91BC942}") = "vmulti", "sys\sys.vcxproj", "{BC19720E-39AE-2B90-5D13-0A9F9ED8D56B}"
	ProjectSection(ProjectDependencies) = postProject
		{9729AC63-8E2E-DB69-D9E2-400327945484} = {9729AC63-8E2E-DB69-D9E2-400327945484}
	EndProjectSection
EndProject
Project("{8BC9CEB8-8B4A-11D0-8D11-00A0C91BC942}") = "hidmapper", "hidmapper\hidmapper.vcxproj", "{9729AC63-8E2E-DB69-D9E2-400327945484}"
EndProject
Global
	GlobalSection(SolutionConfigurationPlatforms) = preSolution
		Debug|Win32 = Debug|Win32
		Debug|x64 = Debug|x64
		Release|Win32 = Release|Win32
		Release|x64 = Release|x64
	EndGlobalSection
	GlobalSection(ProjectConfigurationPlatforms) = postSolution
		{CA3F49EF-F69C-46A0-A6BF-84F477255A5C}.Debug|Win32.ActiveCfg = Debug|Win32
		{CA3F49EF-F69C-46A0-A6BF-84F477255A5C}.Debug|Win32.Build.0 = Debug|Win32
		{CA3F49EF-F69C-46A0-A6BF-84F477255A5C}.Debug|x64.ActiveCfg = Debug|x64
		{CA3F49EF-F69C-46A0-A6BF-84F477255A5C}.Debug|x64.Build.0 = Debug|x64
		{CA3F49EF-F69C-46A0-A6BF-84F477255A5C}.Release|Win32.ActiveCfg = Release|Win32
		{CA3F49EF-F69C-46A0-A6BF-84F477255A5C}.Release|Win32.Build.0 = Release|Win32
		{CA3F49EF-F69C-46A0-A6BF-84F477255A5C}.Release|x64.ActiveCfg = Release|x64
		{CA3F49EF-F69C-46A0-A6BF-84F477255A5C}.Release|x64.Build.0 = Release|x64
		{8FB721A1-8820-45BF-AB35-978FADA6C188}.Debug|Win32.ActiveCfg = Debug|Win32
		{8FB721A1-8820-45BF-AB35-978FADA6C188}.Debug|Win32.Build.0 = Debug|Win32
		{8FB721A1-8820-45BF-AB35-978FADA6C188}.Debug|x64.ActiveCfg = Debug|x64
		{8FB721A1-8820-45BF-AB35-978FADA6C188}.Debug|x64.Build.0 = Debug|x64
		{8FB721A1-8820-45BF-AB35-978FADA6C188}.Release|Win32.ActiveCfg = Release|Win32
		{8FB721A1-8820-45BF-AB35-978FADA6C188}.Release|Win32.Build.0 = Release|Win32
		{8FB721A1-8820-45BF-AB35-978FADA6C188}.Release|x64.ActiveCfg = Release|x64
		{8FB721A1-8820-45BF-AB35-978FADA6C188}.Release|x64.Build.0 = Release|x64
		{BC19720E-39AE-2B90-5D13-0A9F9ED8D56B}.Debug|Win32.ActiveCfg = Debug|x64
		{BC19720E-39AE-2B90-5D13-0A9F9ED8D56B}.Debug|Win32.Build.0 = Debug|x64
		{BC19720E-39AE-2B90-5D13-0A9F9ED8D56B}.Debug|Win32.Deploy.0 = Debug|x64
		{BC19720E-39AE-2B90-5D13-0A9F9ED8D56B}.Debug|x64.ActiveCfg = Debug|x64
		{BC19720E-39AE-2B90-5D13-0A9F9ED8D56B}.Debug|x64.Build.0 = Debug|x64
		{BC19720E-39AE-2B90-5D13-0A9F9ED8D56B}.Debug|x64.Deploy.0 = Debug|x64
		{BC19720E-39AE-2B90-5D13-0A9F9ED8D56B}.Release|Win32.ActiveCfg = Release|x64
		{BC19720E-39AE-2B90-5D13-0A9F9ED8D56B}.Release|Win32.Build.0 = Release|x64
		{BC19720E-39AE-2B90-5D13-0A9F9ED8D56B}.Release|Win32.Deploy.0 = Release|x64
		{BC19720E-39AE-2B90-5D13-0A9F9ED8D56B}.Release|x64.ActiveCfg = Release|x64
		{BC19720E-39AE-2B90-5D13-0A9F9ED8D56B}.Release|x64.Build.0 = Release|x64
		{BC19720E-39AE-2B90-5D13-0A9F9ED8D56B}.Release|x64.Deploy.0 = Release|x64
		{9729AC63-8E2E-DB69-D9E2-400327945484}.Debug|Win32.ActiveCfg = Debug|x64
		{9729AC63-8E2E-DB69-D9E2-400327945484}.Debug|Win32.Build.0 = Debug|x64
		{9729AC63-8E2E-DB69-D9E2-400327945484}.Debug|Win32.Deploy.0 = Debug|x64
		{9729AC63-8E2E-DB69-D9E2-400327945484}.Debug|x64.ActiveCfg = Debug|x64
		{9729AC63-8E2E-DB69-D9E2-400327945484}.Debug|x64.Build.0 = Debug|x64
		{9729AC63-8E2E-DB69-D9E2-400327945484}.Debug|x64.Deploy.0 = Debug|x64
		{9729AC63-8E2E-DB69-D9E2-400327945484}.Release|Win32.ActiveCfg = Release|x64
		{9729AC63-8E2E-DB69-D9E2-400327945484}.Release|Win32.Build.0 = Release|x64
		{9729AC63-8E2E-DB69-D9E2-400327945484}.Release|Win32.Deploy.0 = Release|x64
		{9729AC63-8E2E-DB69-D9E2-400327945484}.Release|x64.ActiveCfg = Release|x64
		{9729AC63-8E2E-DB69-D9E2-400327945484}.Release|x64.Build.0 = Release|x64
		{9729AC63-8E2E-DB69-D9E2-400327945484}.Release|x64.Deploy.0 = Release|x64
	EndGlobalSection
	GlobalSection(SolutionProperties) = preSolution
		HideSolutionNode = FALSE
	EndGlobalSection
	GlobalSection(ExtensibilityGlobals) = postSolution
		SolutionGuid = {370559C7-0083-40B8-8725-9A173312E0B1}
	EndGlobalSection
EndGlobal
